
Microsoft Visual Studio Solution File, Format Version 12.00
# Visual Studio Version 17
VisualStudioVersion = 17.1.32328.378
MinimumVisualStudioVersion = 10.0.40219.1
Project("{9A19103F-16F7-4668-BE54-9A1E7A4F7556}") = "AccountsReadModel", "AccountsReadModel.csproj", "{6C8CDCCD-6A28-4F83-9D37-EB5F2A55F8E9}"
EndProject
Project("{9A19103F-16F7-4668-BE54-9A1E7A4F7556}") = "Events", "..\Events\Events.csproj", "{A1DB0ABF-C323-46AD-840A-0038E609AB6F}"
EndProject
Global
	GlobalSection(SolutionConfigurationPlatforms) = preSolution
		Debug|Any CPU = Debug|Any CPU
		Release|Any CPU = Release|Any CPU
	EndGlobalSection
	GlobalSection(ProjectConfigurationPlatforms) = postSolution
		{6C8CDCCD-6A28-4F83-9D37-EB5F2A55F8E9}.Debug|Any CPU.ActiveCfg = Debug|Any CPU
		{6C8CDCCD-6A28-4F83-9D37-EB5F2A55F8E9}.Debug|Any CPU.Build.0 = Debug|Any CPU
		{6C8CDCCD-6A28-4F83-9D37-EB5F2A55F8E9}.Release|Any CPU.ActiveCfg = Release|Any CPU
		{6C8CDCCD-6A28-4F83-9D37-EB5F2A55F8E9}.Release|Any CPU.Build.0 = Release|Any CPU
		{A1DB0ABF-C323-46AD-840A-0038E609AB6F}.Debug|Any CPU.ActiveCfg = Debug|Any CPU
		{A1DB0ABF-C323-46AD-840A-0038E609AB6F}.Debug|Any CPU.Build.0 = Debug|Any CPU
		{A1DB0ABF-C323-46AD-840A-0038E609AB6F}.Release|Any CPU.ActiveCfg = Release|Any CPU
		{A1DB0ABF-C323-46AD-840A-0038E609AB6F}.Release|Any CPU.Build.0 = Release|Any CPU
	EndGlobalSection
	GlobalSection(SolutionProperties) = preSolution
		HideSolutionNode = FALSE
	EndGlobalSection
	GlobalSection(ExtensibilityGlobals) = postSolution
		SolutionGuid = {7ED24386-2D15-400B-A559-C571468E5C7F}
	EndGlobalSection
EndGlobal
