
Microsoft Visual Studio Solution File, Format Version 12.00
# Visual Studio Version 17
VisualStudioVersion = 17.0.32126.317
MinimumVisualStudioVersion = 10.0.40219.1
Project("{9A19103F-16F7-4668-BE54-9A1E7A4F7556}") = "pumper-context", "pumper-context.csproj", "{4D8C4A19-0AF5-4037-BCFD-C59971833DAA}"
EndProject
Project("{9A19103F-16F7-4668-BE54-9A1E7A4F7556}") = "Events", "..\Events\Events.csproj", "{022EB509-D436-4208-B5DB-DB70BBB912C4}"
EndProject
Global
	GlobalSection(SolutionConfigurationPlatforms) = preSolution
		Debug|Any CPU = Debug|Any CPU
		Release|Any CPU = Release|Any CPU
	EndGlobalSection
	GlobalSection(ProjectConfigurationPlatforms) = postSolution
		{4D8C4A19-0AF5-4037-BCFD-C59971833DAA}.Debug|Any CPU.ActiveCfg = Debug|Any CPU
		{4D8C4A19-0AF5-4037-BCFD-C59971833DAA}.Debug|Any CPU.Build.0 = Debug|Any CPU
		{4D8C4A19-0AF5-4037-BCFD-C59971833DAA}.Release|Any CPU.ActiveCfg = Release|Any CPU
		{4D8C4A19-0AF5-4037-BCFD-C59971833DAA}.Release|Any CPU.Build.0 = Release|Any CPU
		{022EB509-D436-4208-B5DB-DB70BBB912C4}.Debug|Any CPU.ActiveCfg = Debug|Any CPU
		{022EB509-D436-4208-B5DB-DB70BBB912C4}.Debug|Any CPU.Build.0 = Debug|Any CPU
		{022EB509-D436-4208-B5DB-DB70BBB912C4}.Release|Any CPU.ActiveCfg = Release|Any CPU
		{022EB509-D436-4208-B5DB-DB70BBB912C4}.Release|Any CPU.Build.0 = Release|Any CPU
	EndGlobalSection
	GlobalSection(SolutionProperties) = preSolution
		HideSolutionNode = FALSE
	EndGlobalSection
	GlobalSection(ExtensibilityGlobals) = postSolution
		SolutionGuid = {81E19B1A-534B-4333-BF2D-708B8BB4424D}
	EndGlobalSection
EndGlobal
