
Microsoft Visual Studio Solution File, Format Version 12.00
# Visual Studio Version 17
VisualStudioVersion = 17.1.32328.378
MinimumVisualStudioVersion = 10.0.40219.1
Project("{9A19103F-16F7-4668-BE54-9A1E7A4F7556}") = "ClinicInvitationReadModel", "ClinicInvitationReadModel.csproj", "{558EF80B-CF7C-4145-B234-B296E659985E}"
EndProject
Project("{9A19103F-16F7-4668-BE54-9A1E7A4F7556}") = "Events", "..\Events\Events.csproj", "{4E29B748-2C16-4F96-A019-C2D9749BB347}"
EndProject
Global
	GlobalSection(SolutionConfigurationPlatforms) = preSolution
		Debug|Any CPU = Debug|Any CPU
		Release|Any CPU = Release|Any CPU
	EndGlobalSection
	GlobalSection(ProjectConfigurationPlatforms) = postSolution
		{558EF80B-CF7C-4145-B234-B296E659985E}.Debug|Any CPU.ActiveCfg = Debug|Any CPU
		{558EF80B-CF7C-4145-B234-B296E659985E}.Debug|Any CPU.Build.0 = Debug|Any CPU
		{558EF80B-CF7C-4145-B234-B296E659985E}.Release|Any CPU.ActiveCfg = Release|Any CPU
		{558EF80B-CF7C-4145-B234-B296E659985E}.Release|Any CPU.Build.0 = Release|Any CPU
		{4E29B748-2C16-4F96-A019-C2D9749BB347}.Debug|Any CPU.ActiveCfg = Debug|Any CPU
		{4E29B748-2C16-4F96-A019-C2D9749BB347}.Debug|Any CPU.Build.0 = Debug|Any CPU
		{4E29B748-2C16-4F96-A019-C2D9749BB347}.Release|Any CPU.ActiveCfg = Release|Any CPU
		{4E29B748-2C16-4F96-A019-C2D9749BB347}.Release|Any CPU.Build.0 = Release|Any CPU
	EndGlobalSection
	GlobalSection(SolutionProperties) = preSolution
		HideSolutionNode = FALSE
	EndGlobalSection
	GlobalSection(ExtensibilityGlobals) = postSolution
		SolutionGuid = {DB03B5A7-10AC-4D40-8163-3C105FC5BC78}
	EndGlobalSection
EndGlobal
