
Microsoft Visual Studio Solution File, Format Version 12.00
# Visual Studio Version 17
VisualStudioVersion = 17.1.32328.378
MinimumVisualStudioVersion = 10.0.40219.1
Project("{9A19103F-16F7-4668-BE54-9A1E7A4F7556}") = "ClinicReadModel", "ClinicReadModel.csproj", "{4D19CE7A-11E9-4416-9702-490FC62D3B3D}"
EndProject
Project("{9A19103F-16F7-4668-BE54-9A1E7A4F7556}") = "Events", "..\Events\Events.csproj", "{C07FD76B-57DE-484E-B65C-9734A2B64AC3}"
EndProject
Global
	GlobalSection(SolutionConfigurationPlatforms) = preSolution
		Debug|Any CPU = Debug|Any CPU
		Release|Any CPU = Release|Any CPU
	EndGlobalSection
	GlobalSection(ProjectConfigurationPlatforms) = postSolution
		{4D19CE7A-11E9-4416-9702-490FC62D3B3D}.Debug|Any CPU.ActiveCfg = Debug|Any CPU
		{4D19CE7A-11E9-4416-9702-490FC62D3B3D}.Debug|Any CPU.Build.0 = Debug|Any CPU
		{4D19CE7A-11E9-4416-9702-490FC62D3B3D}.Release|Any CPU.ActiveCfg = Release|Any CPU
		{4D19CE7A-11E9-4416-9702-490FC62D3B3D}.Release|Any CPU.Build.0 = Release|Any CPU
		{C07FD76B-57DE-484E-B65C-9734A2B64AC3}.Debug|Any CPU.ActiveCfg = Debug|Any CPU
		{C07FD76B-57DE-484E-B65C-9734A2B64AC3}.Debug|Any CPU.Build.0 = Debug|Any CPU
		{C07FD76B-57DE-484E-B65C-9734A2B64AC3}.Release|Any CPU.ActiveCfg = Release|Any CPU
		{C07FD76B-57DE-484E-B65C-9734A2B64AC3}.Release|Any CPU.Build.0 = Release|Any CPU
	EndGlobalSection
	GlobalSection(SolutionProperties) = preSolution
		HideSolutionNode = FALSE
	EndGlobalSection
	GlobalSection(ExtensibilityGlobals) = postSolution
		SolutionGuid = {7A17C880-C04F-4327-A9AD-E743E3006F9E}
	EndGlobalSection
EndGlobal
